dependencies:
- name: argo-cd
  repository: https://argoproj.github.io/argo-helm
  version: 6.11.1
- name: vault
  repository: https://helm.releases.hashicorp.com
  version: 0.32.0
digest: sha256:0d9498e908370ee24f0142eb2a414273d0d04a36c85f0190211d0bfaba88d8f2
generated: "2026-05-14T22:29:39.256011682-03:00"
